
Microsoft Visual Studio Solution File, Format Version 12.00
# Visual Studio 15
VisualStudioVersion = 15.0.26730.16
MinimumVisualStudioVersion = 10.0.40219.1
Project("{FAE04EC0-301F-11D3-BF4B-00C04F79EFBC}") = "Tic Tac Toe", "Tic Tac Toe\Tic Tac Toe.csproj", "{5C8ED48D-D782-48D5-B4EE-D3A52AAF8242}"
EndProject
Global
	GlobalSection(SolutionConfigurationPlatforms) = preSolution
		Debug|Any CPU = Debug|Any CPU
		Release|Any CPU = Release|Any CPU
	EndGlobalSection
	GlobalSection(ProjectConfigurationPlatforms) = postSolution
		{5C8ED48D-D782-48D5-B4EE-D3A52AAF8242}.Debug|Any CPU.ActiveCfg = Debug|Any CPU
		{5C8ED48D-D782-48D5-B4EE-D3A52AAF8242}.Debug|Any CPU.Build.0 = Debug|Any CPU
		{5C8ED48D-D782-48D5-B4EE-D3A52AAF8242}.Release|Any CPU.ActiveCfg = Release|Any CPU
		{5C8ED48D-D782-48D5-B4EE-D3A52AAF8242}.Release|Any CPU.Build.0 = Release|Any CPU
	EndGlobalSection
	GlobalSection(SolutionProperties) = preSolution
		HideSolutionNode = FALSE
	EndGlobalSection
	GlobalSection(ExtensibilityGlobals) = postSolution
		SolutionGuid = {13EE72F8-97AE-4AD9-83CC-E1B4DBB35676}
	EndGlobalSection
EndGlobal
